
Microsoft Visual Studio Solution File, Format Version 11.00
# Visual Studio 2010
Project("{F184B08F-C81C-45F6-A57F-5ABD9991F28F}") = "DojoTracker_Beta", "DojoTracker_Beta.vbproj", "{71ECA79D-97F0-467B-9BA8-BF03BFF665BA}"
EndProject
Global
	GlobalSection(SolutionConfigurationPlatforms) = preSolution
		Debug|x86 = Debug|x86
		Release|x86 = Release|x86
	EndGlobalSection
	GlobalSection(ProjectConfigurationPlatforms) = postSolution
		{71ECA79D-97F0-467B-9BA8-BF03BFF665BA}.Debug|x86.ActiveCfg = Debug|x86
		{71ECA79D-97F0-467B-9BA8-BF03BFF665BA}.Debug|x86.Build.0 = Debug|x86
		{71ECA79D-97F0-467B-9BA8-BF03BFF665BA}.Release|x86.ActiveCfg = Release|x86
		{71ECA79D-97F0-467B-9BA8-BF03BFF665BA}.Release|x86.Build.0 = Release|x86
	EndGlobalSection
	GlobalSection(SolutionProperties) = preSolution
		HideSolutionNode = FALSE
	EndGlobalSection
EndGlobal
